
Microsoft Visual Studio Solution File, Format Version 12.00
# Visual Studio Version 16
VisualStudioVersion = 16.0.31321.278
MinimumVisualStudioVersion = 10.0.40219.1
Project("{FAE04EC0-301F-11D3-BF4B-00C04F79EFBC}") = "TestProject", "TestProject\TestProject.csproj", "{30320ABA-FBD2-4EA4-BC2C-7A985B13F120}"
EndProject
Global
	GlobalSection(SolutionConfigurationPlatforms) = preSolution
		Debug|Any CPU = Debug|Any CPU
		Release|Any CPU = Release|Any CPU
	EndGlobalSection
	GlobalSection(ProjectConfigurationPlatforms) = postSolution
		{30320ABA-FBD2-4EA4-BC2C-7A985B13F120}.Debug|Any CPU.ActiveCfg = Debug|Any CPU
		{30320ABA-FBD2-4EA4-BC2C-7A985B13F120}.Debug|Any CPU.Build.0 = Debug|Any CPU
		{30320ABA-FBD2-4EA4-BC2C-7A985B13F120}.Release|Any CPU.ActiveCfg = Release|Any CPU
		{30320ABA-FBD2-4EA4-BC2C-7A985B13F120}.Release|Any CPU.Build.0 = Release|Any CPU
	EndGlobalSection
	GlobalSection(SolutionProperties) = preSolution
		HideSolutionNode = FALSE
	EndGlobalSection
	GlobalSection(ExtensibilityGlobals) = postSolution
		SolutionGuid = {E4BD774B-9AC5-4CC6-9C6D-0915090B9E29}
	EndGlobalSection
EndGlobal
